{
  "version": "5",
  "specifiers": {
    "npm:@types/node@*": "22.15.15",
    "npm:mongodb-memory-server@^11.2.0": "11.2.0",
    "npm:nodejs-polars@~0.25.1": "0.25.1",
    "npm:quick-lru@7": "7.1.0",
    "npm:z3-solver@^4.16.0": "4.16.0"
  },
  "npm": {
    "@mongodb-js/saslprep@1.4.11": {
      "integrity": "sha512-o9rAHc0IpIjuPSxRutWpE1F62x7n+4mVS4rCNHkzhIUMQcc18bb6xEq5wd2NdN0WjepIyXIppRshYI2kQDOZVA==",
      "dependencies": [
        "sparse-bitfield"
      ]
    },
    "@types/node@22.15.15": {
      "integrity": "sha512-R5muMcZob3/Jjchn5LcO8jdKwSCbzqmPB6ruBxMcf9kbxtniZHP327s6C37iOfuw8mbKK3cAQa7sEl7afLrQ8A==",
      "dependencies": [
        "undici-types"
      ]
    },
    "@types/webidl-conversions@7.0.3": {
      "integrity": "sha512-CiJJvcRtIgzadHCYXw7dqEnMNRjhGZlYK05Mj9OyktqV8uVT8fD2BFOB7S1uwBE3Kj2Z+4UyPmFw/Ixgw/LAlA=="
    },
    "@types/whatwg-url@13.0.0": {
      "integrity": "sha512-N8WXpbE6Wgri7KUSvrmQcqrMllKZ9uxkYWMt+mCSGwNc0Hsw9VQTW7ApqI4XNrx6/SaM2QQJCzMPDEXE058s+Q==",
      "dependencies": [
        "@types/webidl-conversions"
      ]
    },
    "agent-base@7.1.4": {
      "integrity": "sha512-MnA+YT8fwfJPgBx3m60MNqakm30XOkyIoH1y6huTQvC0PwZG7ki8NacLBcrPbNoo8vEZy7Jpuk7+jMO+CUovTQ=="
    },
    "async-mutex@0.3.2": {
      "integrity": "sha512-HuTK7E7MT7jZEh1P9GtRW9+aTWiDWWi9InbZ5hjxrnRa39KS4BW04+xLBhYNS2aXhHUIKZSw3gj4Pn1pj+qGAA==",
      "dependencies": [
        "tslib"
      ]
    },
    "async-mutex@0.5.0": {
      "integrity": "sha512-1A94B18jkJ3DYq284ohPxoXbfTA5HsQ7/Mf4DEhcyLx3Bz27Rh59iScbB6EPiP+B+joue6YCxcMXSbFC1tZKwA==",
      "dependencies": [
        "tslib"
      ]
    },
    "b4a@1.8.1": {
      "integrity": "sha512-aiqre1Nr0B/6DgE2N5vwTc+2/oQZ4Wh1t4NznYY4E00y8LCt6NqdRv81so00oo27D8MVKTpUa/MwUUtBLXCoDw=="
    },
    "bare-events@2.9.1": {
      "integrity": "sha512-Z0oHEHAFDZkffN8Qc39zNZjQlMDkPJRyyyZieU1VH7u8c5S+qHZ2S8ixdKIAxEjfHO7FJxXmJWgteOghVanIsg=="
    },
    "bare-fs@4.7.2_bare-events@2.9.1": {
      "integrity": "sha512-aTvMFUWkBmjzKtEQMDGGDNF8bkfpD5N1b/FCwt7A3wrU4t1o/e/85Wzkluh6JlODCjqVESYCkQCdTXqZ9G7VFg==",
      "dependencies": [
        "bare-events",
        "bare-path",
        "bare-stream",
        "bare-url",
        "fast-fifo"
      ]
    },
    "bare-os@3.9.1": {
      "integrity": "sha512-6M5XjcnsygQNPMCMPXSK379xrJFiZ/AEMNBmFEmQW8d/789VQATvriyi5r0HYTL9TkQ26rn3kgdTG3aisbrXkQ=="
    },
    "bare-path@3.0.1": {
      "integrity": "sha512-ghj2DSK/2e99a1anTVPCV4m4YIYtrbXhfM7V3D7XZLOTsybnYyaJloymGqssQc8l/or0UoDyRtNQkmkEF/ysgQ==",
      "dependencies": [
        "bare-os"
      ]
    },
    "bare-stream@2.13.3_bare-events@2.9.1": {
      "integrity": "sha512-Kc+brLqvEqGkjyfiwJmImAOqLZL7OsoLKuavx+hJjgVV3nLTOjloJyPMFxjUPerGGHrNH0fLU06jjykMLWrERQ==",
      "dependencies": [
        "b4a",
        "bare-events",
        "streamx",
        "teex"
      ],
      "optionalPeers": [
        "bare-events"
      ]
    },
    "bare-url@2.4.5": {
      "integrity": "sha512-K+y9xF1tN+CdPu4qWwr0QiK1Al07eFPGYK5M2pDXcmHdMdgC/tT/bpmMe1hrmRHaidKLkXrC+cRNYf3XVDUhSQ==",
      "dependencies": [
        "bare-path"
      ]
    },
    "bson@7.3.0": {
      "integrity": "sha512-WmjjMEwFwZHmGnAb7wn90MhkiT+mTm4x/rLj7dvAPWfwnVWDXhLun2e+UM88MJoDGW624yzZglVX/zTBy9ZZMw=="
    },
    "camelcase@6.3.0": {
      "integrity": "sha512-Gmy6FhYlCY7uOElZUSbxo2UCDH8owEk996gkbrpsgGtrJLM3J7jGxl9Ic7Qwwj4ivOE5AWZWRMecDdF7hqGjFA=="
    },
    "commondir@1.0.1": {
      "integrity": "sha512-W9pAhw0ja1Edb5GVdIF1mjZw/ASI0AlShXM83UUGe2DVr5TdAPEA1OA8m/g8zWp9x6On7gqufY+FatDbC3MDQg=="
    },
    "debug@4.4.3": {
      "integrity": "sha512-RGwwWnwQvkVfavKVt22FGLw+xYSdzARwm0ru6DhTVA3umU5hZc28V3kO4stgYryrTlLpuvgI9GiijltAjNbcqA==",
      "dependencies": [
        "ms"
      ]
    },
    "events-universal@1.0.1": {
      "integrity": "sha512-LUd5euvbMLpwOF8m6ivPCbhQeSiYVNb8Vs0fQ8QjXo0JTkEHpz8pxdQf0gStltaPpw0Cca8b39KxvK9cfKRiAw==",
      "dependencies": [
        "bare-events"
      ]
    },
    "fast-fifo@1.3.2": {
      "integrity": "sha512-/d9sfos4yxzpwkDkuN7k2SqFKtYNmCTzgfEpz82x34IM9/zc8KGxQoXg1liNC/izpRM/MBdt44Nmx41ZWqk+FQ=="
    },
    "find-cache-dir@3.3.2": {
      "integrity": "sha512-wXZV5emFEjrridIgED11OoUKLxiYjAcqot/NJdAkOhlJ+vGzwhOAfcG5OX1jP+S0PcjEn8bdMJv+g2jwQ3Onig==",
      "dependencies": [
        "commondir",
        "make-dir",
        "pkg-dir"
      ]
    },
    "find-up@4.1.0": {
      "integrity": "sha512-PpOwAdQ/YlXQ2vj8a3h8IipDuYRi3wceVQQGYWxNINccq40Anw7BlsEXCMbt1Zt+OLA6Fq9suIpIWD0OsnISlw==",
      "dependencies": [
        "locate-path",
        "path-exists"
      ]
    },
    "follow-redirects@1.16.0": {
      "integrity": "sha512-y5rN/uOsadFT/JfYwhxRS5R7Qce+g3zG97+JrtFZlC9klX/W5hD7iiLzScI4nZqUS7DNUdhPgw4xI8W2LuXlUw=="
    },
    "https-proxy-agent@7.0.6": {
      "integrity": "sha512-vK9P5/iUfdl95AI+JVyUuIcVtd4ofvtrOr3HNtM2yxC9bnMbEdp3x01OhQNnjb8IJYi38VlTE3mBXwcfvywuSw==",
      "dependencies": [
        "agent-base",
        "debug"
      ]
    },
    "locate-path@5.0.0": {
      "integrity": "sha512-t7hw9pI+WvuwNJXwk5zVHpyhIqzg2qTlklJOf0mVxGSbe3Fp2VieZcduNYjaLDoy6p9uGpQEGWG87WpMKlNq8g==",
      "dependencies": [
        "p-locate"
      ]
    },
    "make-dir@3.1.0": {
      "integrity": "sha512-g3FeP20LNwhALb/6Cz6Dd4F2ngze0jz7tbzrD2wAV+o9FeNHe4rL+yK2md0J/fiSf1sa1ADhXqi5+oVwOM/eGw==",
      "dependencies": [
        "semver@6.3.1"
      ]
    },
    "memory-pager@1.5.0": {
      "integrity": "sha512-ZS4Bp4r/Zoeq6+NLJpP+0Zzm0pR8whtGPf1XExKLJBAczGMnSi3It14OiNCStjQjM6NU1okjQGSxgEZN8eBYKg=="
    },
    "mongodb-connection-string-url@7.0.1": {
      "integrity": "sha512-h0AZ9A7IDVwwHyMxmdMXKy+9oNlF0zFoahHiX3vQ8e3KFcSP3VmsmfvtRSuLPxmyv2vjIDxqty8smTgie/SNRQ==",
      "dependencies": [
        "@types/whatwg-url",
        "whatwg-url"
      ]
    },
    "mongodb-memory-server-core@11.2.0": {
      "integrity": "sha512-vOoDtn0JiLrHvZY81Rp/UtKXXK0rtJHZGZFVnccvJwYitPLNspO0Ty0grqFQOe7iAET8+GI4zAQcphg+R3vxQg==",
      "dependencies": [
        "async-mutex@0.5.0",
        "camelcase",
        "debug",
        "find-cache-dir",
        "follow-redirects",
        "https-proxy-agent",
        "mongodb",
        "new-find-package-json",
        "semver@7.8.4",
        "tar-stream",
        "tslib",
        "yauzl"
      ]
    },
    "mongodb-memory-server@11.2.0": {
      "integrity": "sha512-506AD8qvClVx8Raw/WhAUUWBgIXPyi856iC01aa5vAzHmn6WOXC6ulvudkTF7oTMzJxkyA0A84VpD4BpyfqJ9w==",
      "dependencies": [
        "mongodb-memory-server-core",
        "tslib"
      ],
      "scripts": true
    },
    "mongodb@7.3.0": {
      "integrity": "sha512-WpCqSx7JAU9vcyjm/SU7ydnHls2YrfU3Y3sx4Ml9D7sPe4mXPlaapndiurDXrQ7/VvJkB4/i7b7WovHb8bd8sg==",
      "dependencies": [
        "@mongodb-js/saslprep",
        "bson",
        "mongodb-connection-string-url"
      ]
    },
    "ms@2.1.3": {
      "integrity": "sha512-6FlzubTLZG3J2a/NVCAleEhjzq5oxgHyaCU9yYXvcLsvoVaHJq/s5xXI6/XXP6tz7R9xAOtHnSO/tXtF3WRTlA=="
    },
    "new-find-package-json@2.0.0": {
      "integrity": "sha512-lDcBsjBSMlj3LXH2v/FW3txlh2pYTjmbOXPYJD93HI5EwuLzI11tdHSIpUMmfq/IOsldj4Ps8M8flhm+pCK4Ew==",
      "dependencies": [
        "debug"
      ]
    },
    "nodejs-polars-android-arm64@0.25.1": {
      "integrity": "sha512-4xQMAWb9a49bpRc1P2zUE1f2sLm45hEyIHYFFpQbbN0IhYphv487CE21uRJSAUN5ktX3UQoj6bWkUZB4YXdmng==",
      "os": ["android"],
      "cpu": ["arm64"]
    },
    "nodejs-polars-darwin-arm64@0.25.1": {
      "integrity": "sha512-hxhYvZ2aidwwgGLi+1CJ6xidTFP5ajTxL87LKL+o+N4KdgQYffIuhBgOEDkF9WWr/Bs+p2qEeeUmdaRo0XZxGg==",
      "os": ["darwin"],
      "cpu": ["arm64"]
    },
    "nodejs-polars-darwin-x64@0.25.1": {
      "integrity": "sha512-4yQqyS6iK7qq1gHd0L8hmSM3XYuVMCdQgsEDZaEgoM7CxJ5P11dQ4QHiYyTQZgSIZu9usG5c2nFwlDJGfwDTSQ==",
      "os": ["darwin"],
      "cpu": ["x64"]
    },
    "nodejs-polars-linux-arm64-gnu@0.25.1": {
      "integrity": "sha512-3odO/jDRVoFrRGf5MXlK+LaChQopG5tvtIHhF8cQuQR8fAl6+HmeUUFQn/QhvFUV7PPdls1ULTwYBXY7XoldvQ==",
      "os": ["linux"],
      "cpu": ["arm64"]
    },
    "nodejs-polars-linux-arm64-musl@0.25.1": {
      "integrity": "sha512-H1b7Pe6G7gMbM7qTEgJUEilBFz3l2cR3WfC+HjF4cZpBldX2n8y1qcqPxz96tawWIT293tJdP1g+feLYZ9RasQ==",
      "os": ["linux"],
      "cpu": ["arm64"]
    },
    "nodejs-polars-linux-x64-gnu@0.25.1": {
      "integrity": "sha512-C48JvUiuqtF7AgvaaZcF+7jjBkpBlWjQHYVdK32/e8xM6txBQvUI9bQlgf0ggGoDf1fn9BHk/YSxO1pIom3ugA==",
      "os": ["linux"],
      "cpu": ["x64"]
    },
    "nodejs-polars-linux-x64-musl@0.25.1": {
      "integrity": "sha512-t2IFebQCma26lSD6GWNE5iso51onxKiECpfEMBMZ1AuodTPA0beXcOcGDLQr9kdlFHSMAlS3DsLEJyg5FSkn5g==",
      "os": ["linux"],
      "cpu": ["x64"]
    },
    "nodejs-polars-win32-x64-msvc@0.25.1": {
      "integrity": "sha512-BnA90qOO7MUZ3OTTmu0+5QR3lhMvyJv3fzR83hXvMA4+xP4FerZ1A2XUOiNZ/v1mueSxjgzl0/aKBhJO4xUiag==",
      "os": ["win32"],
      "cpu": ["x64"]
    },
    "nodejs-polars@0.25.1": {
      "integrity": "sha512-8ZSZCXUsc0ucs5KFyu8xV4qG0K+xMARMPuAfYlExtCahd573ypRxaWkVK7ViWxmO0vvGpdITA9NuBGMyHxbFcA==",
      "optionalDependencies": [
        "nodejs-polars-android-arm64",
        "nodejs-polars-darwin-arm64",
        "nodejs-polars-darwin-x64",
        "nodejs-polars-linux-arm64-gnu",
        "nodejs-polars-linux-arm64-musl",
        "nodejs-polars-linux-x64-gnu",
        "nodejs-polars-linux-x64-musl",
        "nodejs-polars-win32-x64-msvc"
      ]
    },
    "p-limit@2.3.0": {
      "integrity": "sha512-//88mFWSJx8lxCzwdAABTJL2MyWB12+eIY7MDL2SqLmAkeKU9qxRvWuSyTjm3FUmpBEMuFfckAIqEaVGUDxb6w==",
      "dependencies": [
        "p-try"
      ]
    },
    "p-locate@4.1.0": {
      "integrity": "sha512-R79ZZ/0wAxKGu3oYMlz8jy/kbhsNrS7SKZ7PxEHBgJ5+F2mtFW2fK2cOtBh1cHYkQsbzFV7I+EoRKe6Yt0oK7A==",
      "dependencies": [
        "p-limit"
      ]
    },
    "p-try@2.2.0": {
      "integrity": "sha512-R4nPAVTAU0B9D35/Gk3uJf/7XYbQcyohSKdvAxIRSNghFl4e71hVoGnBNQz9cWaXxO2I10KTC+3jMdvvoKw6dQ=="
    },
    "path-exists@4.0.0": {
      "integrity": "sha512-ak9Qy5Q7jYb2Wwcey5Fpvg2KoAc/ZIhLSLOSBmRmygPsGwkVVt0fZa0qrtMz+m6tJTAHfZQ8FnmB4MG4LWy7/w=="
    },
    "pend@1.2.0": {
      "integrity": "sha512-F3asv42UuXchdzt+xXqfW1OGlVBe+mxa2mqI0pg5yAHZPvFmY3Y6drSf/GQ1A86WgWEN9Kzh/WrgKa6iGcHXLg=="
    },
    "pkg-dir@4.2.0": {
      "integrity": "sha512-HRDzbaKjC+AOWVXxAU/x54COGeIv9eb+6CkDSQoNTt4XyWoIJvuPsXizxu/Fr23EiekbtZwmh1IcIG/l/a10GQ==",
      "dependencies": [
        "find-up"
      ]
    },
    "punycode@2.3.1": {
      "integrity": "sha512-vYt7UD1U9Wg6138shLtLOvdAu+8DsC/ilFtEVHcH+wydcSpNE20AfSOduf6MkRFahL5FY7X1oU7nKVZFtfq8Fg=="
    },
    "quick-lru@7.1.0": {
      "integrity": "sha512-Pzd/4IFnTb8E+I1P5rbLQoqpUHcXKg48qTYKi4EANg+sTPwGFEMOcYGiiZz6xuQcOMZP7MPsrdAPx+16Q8qahg=="
    },
    "semver@6.3.1": {
      "integrity": "sha512-BR7VvDCVHO+q2xBEWskxS6DJE1qRnb7DxzUrogb71CWoSficBxYsiAGd+Kl0mmq/MprG9yArRkyrQxTO6XjMzA==",
      "bin": true
    },
    "semver@7.8.4": {
      "integrity": "sha512-rUCObTnP32Q08R2uuIrt7r9PlEonuTmtuXYcW6s5kjdlj3xbnwe+21yXptAUYcMAABLkYYTtnmzb3w3EDZfueA==",
      "bin": true
    },
    "sparse-bitfield@3.0.3": {
      "integrity": "sha512-kvzhi7vqKTfkh0PZU+2D2PIllw2ymqJKujUcyPMd9Y75Nv4nPbGJZXNhxsgdQab2BmlDct1YnfQCguEvHr7VsQ==",
      "dependencies": [
        "memory-pager"
      ]
    },
    "streamx@2.28.0": {
      "integrity": "sha512-1Yowhzjf0ivGMrTIkY9hav5TxobO9qIVqUE41fiCGMGgc3CLlf4MY+9AHmZqBWgDTue0fY9zWjYFVyf6Diuobw==",
      "dependencies": [
        "events-universal",
        "fast-fifo",
        "text-decoder"
      ]
    },
    "tar-stream@3.2.0": {
      "integrity": "sha512-ojzvCvVaNp6aOTFmG7jaRD0meowIAuPc3cMMhSgKiVWws1GyHbGd/xvnyuRKcKlMpt3qvxx6r0hreCNITP9hIg==",
      "dependencies": [
        "b4a",
        "bare-fs",
        "fast-fifo",
        "streamx"
      ]
    },
    "teex@1.0.1": {
      "integrity": "sha512-eYE6iEI62Ni1H8oIa7KlDU6uQBtqr4Eajni3wX7rpfXD8ysFx8z0+dri+KWEPWpBsxXfxu58x/0jvTVT1ekOSg==",
      "dependencies": [
        "streamx"
      ]
    },
    "text-decoder@1.2.7": {
      "integrity": "sha512-vlLytXkeP4xvEq2otHeJfSQIRyWxo/oZGEbXrtEEF9Hnmrdly59sUbzZ/QgyWuLYHctCHxFF4tRQZNQ9k60ExQ==",
      "dependencies": [
        "b4a"
      ]
    },
    "tr46@5.1.1": {
      "integrity": "sha512-hdF5ZgjTqgAntKkklYw0R03MG2x/bSzTtkxmIRw/sTNV8YXsCJ1tfLAX23lhxhHJlEf3CRCOCGGWw3vI3GaSPw==",
      "dependencies": [
        "punycode"
      ]
    },
    "tslib@2.8.1": {
      "integrity": "sha512-oJFu94HQb+KVduSUQL7wnpmqnfmLsOA/nAh6b6EH0wCEoK0/mPeXU6c3wKDV83MkOuHPRHtSXKKU99IBazS/2w=="
    },
    "undici-types@6.21.0": {
      "integrity": "sha512-iwDZqg0QAGrg9Rav5H4n0M64c3mkR59cJ6wQp+7C4nI0gsmExaedaYLNO44eT4AtBBwjbTiGPMlt2Md0T9H9JQ=="
    },
    "webidl-conversions@7.0.0": {
      "integrity": "sha512-VwddBukDzu71offAQR975unBIGqfKZpM+8ZX6ySk8nYhVoo5CYaZyzt3YBvYtRtO+aoGlqxPg/B87NGVZ/fu6g=="
    },
    "whatwg-url@14.2.0": {
      "integrity": "sha512-De72GdQZzNTUBBChsXueQUnPKDkg/5A5zp7pFDuQAj5UFoENpiACU0wlCvzpAGnTkj++ihpKwKyYewn/XNUbKw==",
      "dependencies": [
        "tr46",
        "webidl-conversions"
      ]
    },
    "yauzl@3.4.0": {
      "integrity": "sha512-jIH9yLR9wqr0wOS0TpBvo/g/2UgZH5qePVbjgRliiF0BYvOZyaBknKsF+x9Iht0O6sqgnB93rCICdOZFecJuDw==",
      "dependencies": [
        "pend"
      ]
    },
    "z3-solver@4.16.0": {
      "integrity": "sha512-vWT+I5Yz0dXtseLVZsnkwAIrRmbxw0rCX5a6Xglc6n1CyPESNMnHB3iAWh7XTQQHZRlpWYnKJXTJ0ahTTNHZEg==",
      "dependencies": [
        "async-mutex@0.3.2"
      ]
    }
  },
  "workspace": {
    "packageJson": {
      "dependencies": [
        "npm:mongodb-memory-server@^11.2.0",
        "npm:nodejs-polars@~0.25.1",
        "npm:quick-lru@7",
        "npm:z3-solver@^4.16.0"
      ]
    }
  }
}
