{
  "version": "5",
  "specifiers": {
    "npm:@types/node@*": "22.15.15",
    "npm:nodejs-polars@~0.25.1": "0.25.1",
    "npm:quick-lru@7": "7.1.0",
    "npm:z3-solver@^4.16.0": "4.16.0"
  },
  "npm": {
    "@types/node@22.15.15": {
      "integrity": "sha512-R5muMcZob3/Jjchn5LcO8jdKwSCbzqmPB6ruBxMcf9kbxtniZHP327s6C37iOfuw8mbKK3cAQa7sEl7afLrQ8A==",
      "dependencies": [
        "undici-types"
      ]
    },
    "async-mutex@0.3.2": {
      "integrity": "sha512-HuTK7E7MT7jZEh1P9GtRW9+aTWiDWWi9InbZ5hjxrnRa39KS4BW04+xLBhYNS2aXhHUIKZSw3gj4Pn1pj+qGAA==",
      "dependencies": [
        "tslib"
      ]
    },
    "nodejs-polars-android-arm64@0.25.1": {
      "integrity": "sha512-4xQMAWb9a49bpRc1P2zUE1f2sLm45hEyIHYFFpQbbN0IhYphv487CE21uRJSAUN5ktX3UQoj6bWkUZB4YXdmng==",
      "os": ["android"],
      "cpu": ["arm64"]
    },
    "nodejs-polars-darwin-arm64@0.25.1": {
      "integrity": "sha512-hxhYvZ2aidwwgGLi+1CJ6xidTFP5ajTxL87LKL+o+N4KdgQYffIuhBgOEDkF9WWr/Bs+p2qEeeUmdaRo0XZxGg==",
      "os": ["darwin"],
      "cpu": ["arm64"]
    },
    "nodejs-polars-darwin-x64@0.25.1": {
      "integrity": "sha512-4yQqyS6iK7qq1gHd0L8hmSM3XYuVMCdQgsEDZaEgoM7CxJ5P11dQ4QHiYyTQZgSIZu9usG5c2nFwlDJGfwDTSQ==",
      "os": ["darwin"],
      "cpu": ["x64"]
    },
    "nodejs-polars-linux-arm64-gnu@0.25.1": {
      "integrity": "sha512-3odO/jDRVoFrRGf5MXlK+LaChQopG5tvtIHhF8cQuQR8fAl6+HmeUUFQn/QhvFUV7PPdls1ULTwYBXY7XoldvQ==",
      "os": ["linux"],
      "cpu": ["arm64"]
    },
    "nodejs-polars-linux-arm64-musl@0.25.1": {
      "integrity": "sha512-H1b7Pe6G7gMbM7qTEgJUEilBFz3l2cR3WfC+HjF4cZpBldX2n8y1qcqPxz96tawWIT293tJdP1g+feLYZ9RasQ==",
      "os": ["linux"],
      "cpu": ["arm64"]
    },
    "nodejs-polars-linux-x64-gnu@0.25.1": {
      "integrity": "sha512-C48JvUiuqtF7AgvaaZcF+7jjBkpBlWjQHYVdK32/e8xM6txBQvUI9bQlgf0ggGoDf1fn9BHk/YSxO1pIom3ugA==",
      "os": ["linux"],
      "cpu": ["x64"]
    },
    "nodejs-polars-linux-x64-musl@0.25.1": {
      "integrity": "sha512-t2IFebQCma26lSD6GWNE5iso51onxKiECpfEMBMZ1AuodTPA0beXcOcGDLQr9kdlFHSMAlS3DsLEJyg5FSkn5g==",
      "os": ["linux"],
      "cpu": ["x64"]
    },
    "nodejs-polars-win32-x64-msvc@0.25.1": {
      "integrity": "sha512-BnA90qOO7MUZ3OTTmu0+5QR3lhMvyJv3fzR83hXvMA4+xP4FerZ1A2XUOiNZ/v1mueSxjgzl0/aKBhJO4xUiag==",
      "os": ["win32"],
      "cpu": ["x64"]
    },
    "nodejs-polars@0.25.1": {
      "integrity": "sha512-8ZSZCXUsc0ucs5KFyu8xV4qG0K+xMARMPuAfYlExtCahd573ypRxaWkVK7ViWxmO0vvGpdITA9NuBGMyHxbFcA==",
      "optionalDependencies": [
        "nodejs-polars-android-arm64",
        "nodejs-polars-darwin-arm64",
        "nodejs-polars-darwin-x64",
        "nodejs-polars-linux-arm64-gnu",
        "nodejs-polars-linux-arm64-musl",
        "nodejs-polars-linux-x64-gnu",
        "nodejs-polars-linux-x64-musl",
        "nodejs-polars-win32-x64-msvc"
      ]
    },
    "quick-lru@7.1.0": {
      "integrity": "sha512-Pzd/4IFnTb8E+I1P5rbLQoqpUHcXKg48qTYKi4EANg+sTPwGFEMOcYGiiZz6xuQcOMZP7MPsrdAPx+16Q8qahg=="
    },
    "tslib@2.8.1": {
      "integrity": "sha512-oJFu94HQb+KVduSUQL7wnpmqnfmLsOA/nAh6b6EH0wCEoK0/mPeXU6c3wKDV83MkOuHPRHtSXKKU99IBazS/2w=="
    },
    "undici-types@6.21.0": {
      "integrity": "sha512-iwDZqg0QAGrg9Rav5H4n0M64c3mkR59cJ6wQp+7C4nI0gsmExaedaYLNO44eT4AtBBwjbTiGPMlt2Md0T9H9JQ=="
    },
    "z3-solver@4.16.0": {
      "integrity": "sha512-vWT+I5Yz0dXtseLVZsnkwAIrRmbxw0rCX5a6Xglc6n1CyPESNMnHB3iAWh7XTQQHZRlpWYnKJXTJ0ahTTNHZEg==",
      "dependencies": [
        "async-mutex"
      ]
    }
  },
  "workspace": {
    "packageJson": {
      "dependencies": [
        "npm:nodejs-polars@~0.25.1",
        "npm:quick-lru@7",
        "npm:z3-solver@^4.16.0"
      ]
    }
  }
}
